// !$*UTF8*$!
{
	archiveVersion = 1;
	classes = {
	};
	objectVersion = 56;
	objects = {

/* Begin PBXBuildFile section */
		1B6AFABF2ACDBF3800B8504D /* AppDelegate.swift in Sources */ = {isa = PBXBuildFile; fileRef = 1B6AFABE2ACDBF3800B8504D /* AppDelegate.swift */; };
		1B6AFAC12ACDBF3800B8504D /* SceneDelegate.swift in Sources */ = {isa = PBXBuildFile; fileRef = 1B6AFAC02ACDBF3800B8504D /* SceneDelegate.swift */; };
		1B6AFAC32ACDBF3800B8504D /* ViewController.swift in Sources */ = {isa = PBXBuildFile; fileRef = 1B6AFAC22ACDBF3800B8504D /* ViewController.swift */; };
		1B6AFAC82ACDBF3A00B8504D /* Assets.xcassets in Resources */ = {isa = PBXBuildFile; fileRef = 1B6AFAC72ACDBF3A00B8504D /* Assets.xcassets */; };
		1B6AFACB2ACDBF3A00B8504D /* LaunchScreen.storyboard in Resources */ = {isa = PBXBuildFile; fileRef = 1B6AFAC92ACDBF3A00B8504D /* LaunchScreen.storyboard */; };
		1B6AFAD52ACDCAF400B8504D /* SignInViewController.swift in Sources */ = {isa = PBXBuildFile; fileRef = 1B6AFAD42ACDCAF400B8504D /* SignInViewController.swift */; };
		1B9688DB2AD1D0E100C84086 /* SignInCoordinator.swift in Sources */ = {isa = PBXBuildFile; fileRef = 1B9688DA2AD1D0E100C84086 /* SignInCoordinator.swift */; };
		1B9688DD2AD1D7FA00C84086 /* SingUpCoordinator.swift in Sources */ = {isa = PBXBuildFile; fileRef = 1B9688DC2AD1D7FA00C84086 /* SingUpCoordinator.swift */; };
		1BCB8A102AD074E4009A4AB8 /* SignInViewModel.swift in Sources */ = {isa = PBXBuildFile; fileRef = 1BCB8A0F2AD074E4009A4AB8 /* SignInViewModel.swift */; };
		1BCB8A122AD14FBF009A4AB8 /* SignInState.swift in Sources */ = {isa = PBXBuildFile; fileRef = 1BCB8A112AD14FBF009A4AB8 /* SignInState.swift */; };
		1BCB8A172AD15E4D009A4AB8 /* SignUpViewController.swift in Sources */ = {isa = PBXBuildFile; fileRef = 1BCB8A162AD15E4D009A4AB8 /* SignUpViewController.swift */; };
/* End PBXBuildFile section */

/* Begin PBXFileReference section */
		1B6AFABB2ACDBF3800B8504D /* KingBurguer.app */ = {isa = PBXFileReference; explicitFileType = wrapper.application; includeInIndex = 0; path = KingBurguer.app; sourceTree = BUILT_PRODUCTS_DIR; };
		1B6AFABE2ACDBF3800B8504D /* AppDelegate.swift */ = {isa = PBXFileReference; lastKnownFileType = sourcecode.swift; path = AppDelegate.swift; sourceTree = "<group>"; };
		1B6AFAC02ACDBF3800B8504D /* SceneDelegate.swift */ = {isa = PBXFileReference; lastKnownFileType = sourcecode.swift; path = SceneDelegate.swift; sourceTree = "<group>"; };
		1B6AFAC22ACDBF3800B8504D /* ViewController.swift */ = {isa = PBXFileReference; lastKnownFileType = sourcecode.swift; path = ViewController.swift; sourceTree = "<group>"; };
		1B6AFAC72ACDBF3A00B8504D /* Assets.xcassets */ = {isa = PBXFileReference; lastKnownFileType = folder.assetcatalog; path = Assets.xcassets; sourceTree = "<group>"; };
		1B6AFACA2ACDBF3A00B8504D /* Base */ = {isa = PBXFileReference; lastKnownFileType = file.storyboard; name = Base; path = Base.lproj/LaunchScreen.storyboard; sourceTree = "<group>"; };
		1B6AFACC2ACDBF3A00B8504D /* Info.plist */ = {isa = PBXFileReference; lastKnownFileType = text.plist.xml; path = Info.plist; sourceTree = "<group>"; };
		1B6AFAD42ACDCAF400B8504D /* SignInViewController.swift */ = {isa = PBXFileReference; lastKnownFileType = sourcecode.swift; path = SignInViewController.swift; sourceTree = "<group>"; };
		1B9688DA2AD1D0E100C84086 /* SignInCoordinator.swift */ = {isa = PBXFileReference; lastKnownFileType = sourcecode.swift; path = SignInCoordinator.swift; sourceTree = "<group>"; };
		1B9688DC2AD1D7FA00C84086 /* SingUpCoordinator.swift */ = {isa = PBXFileReference; lastKnownFileType = sourcecode.swift; path = SingUpCoordinator.swift; sourceTree = "<group>"; };
		1BCB8A0F2AD074E4009A4AB8 /* SignInViewModel.swift */ = {isa = PBXFileReference; lastKnownFileType = sourcecode.swift; path = SignInViewModel.swift; sourceTree = "<group>"; };
		1BCB8A112AD14FBF009A4AB8 /* SignInState.swift */ = {isa = PBXFileReference; lastKnownFileType = sourcecode.swift; path = SignInState.swift; sourceTree = "<group>"; };
		1BCB8A162AD15E4D009A4AB8 /* SignUpViewController.swift */ = {isa = PBXFileReference; lastKnownFileType = sourcecode.swift; path = SignUpViewController.swift; sourceTree = "<group>"; };
/* End PBXFileReference section */

/* Begin PBXFrameworksBuildPhase section */
		1B6AFAB82ACDBF3800B8504D /* Frameworks */ = {
			isa = PBXFrameworksBuildPhase;
			buildActionMask = 2147483647;
			files = (
			);
			runOnlyForDeploymentPostprocessing = 0;
		};
/* End PBXFrameworksBuildPhase section */

/* Begin PBXGroup section */
		1B6AFAB22ACDBF3800B8504D = {
			isa = PBXGroup;
			children = (
				1B6AFABD2ACDBF3800B8504D /* KingBurguer */,
				1B6AFABC2ACDBF3800B8504D /* Products */,
			);
			sourceTree = "<group>";
		};
		1B6AFABC2ACDBF3800B8504D /* Products */ = {
			isa = PBXGroup;
			children = (
				1B6AFABB2ACDBF3800B8504D /* KingBurguer.app */,
			);
			name = Products;
			sourceTree = "<group>";
		};
		1B6AFABD2ACDBF3800B8504D /* KingBurguer */ = {
			isa = PBXGroup;
			children = (
				1BCB8A132AD15DE8009A4AB8 /* SignUp */,
				1B6AFAD22ACDCA9E00B8504D /* SignIn */,
				1B6AFABE2ACDBF3800B8504D /* AppDelegate.swift */,
				1B6AFAC02ACDBF3800B8504D /* SceneDelegate.swift */,
				1B6AFAC22ACDBF3800B8504D /* ViewController.swift */,
				1B6AFAC72ACDBF3A00B8504D /* Assets.xcassets */,
				1B6AFAC92ACDBF3A00B8504D /* LaunchScreen.storyboard */,
				1B6AFACC2ACDBF3A00B8504D /* Info.plist */,
			);
			path = KingBurguer;
			sourceTree = "<group>";
		};
		1B6AFAD22ACDCA9E00B8504D /* SignIn */ = {
			isa = PBXGroup;
			children = (
				1BCB8A0E2AD074C4009A4AB8 /* ViewModel */,
				1B6AFAD32ACDCAAF00B8504D /* View */,
				1B9688DA2AD1D0E100C84086 /* SignInCoordinator.swift */,
			);
			path = SignIn;
			sourceTree = "<group>";
		};
		1B6AFAD32ACDCAAF00B8504D /* View */ = {
			isa = PBXGroup;
			children = (
				1B6AFAD42ACDCAF400B8504D /* SignInViewController.swift */,
			);
			path = View;
			sourceTree = "<group>";
		};
		1BCB8A0E2AD074C4009A4AB8 /* ViewModel */ = {
			isa = PBXGroup;
			children = (
				1BCB8A0F2AD074E4009A4AB8 /* SignInViewModel.swift */,
				1BCB8A112AD14FBF009A4AB8 /* SignInState.swift */,
			);
			path = ViewModel;
			sourceTree = "<group>";
		};
		1BCB8A132AD15DE8009A4AB8 /* SignUp */ = {
			isa = PBXGroup;
			children = (
				1BCB8A152AD15E03009A4AB8 /* ViewModel */,
				1BCB8A142AD15DFC009A4AB8 /* View */,
				1B9688DC2AD1D7FA00C84086 /* SingUpCoordinator.swift */,
			);
			path = SignUp;
			sourceTree = "<group>";
		};
		1BCB8A142AD15DFC009A4AB8 /* View */ = {
			isa = PBXGroup;
			children = (
				1BCB8A162AD15E4D009A4AB8 /* SignUpViewController.swift */,
			);
			path = View;
			sourceTree = "<group>";
		};
		1BCB8A152AD15E03009A4AB8 /* ViewModel */ = {
			isa = PBXGroup;
			children = (
			);
			path = ViewModel;
			sourceTree = "<group>";
		};
/* End PBXGroup section */

/* Begin PBXNativeTarget section */
		1B6AFABA2ACDBF3800B8504D /* KingBurguer */ = {
			isa = PBXNativeTarget;
			buildConfigurationList = 1B6AFACF2ACDBF3A00B8504D /* Build configuration list for PBXNativeTarget "KingBurguer" */;
			buildPhases = (
				1B6AFAB72ACDBF3800B8504D /* Sources */,
				1B6AFAB82ACDBF3800B8504D /* Frameworks */,
				1B6AFAB92ACDBF3800B8504D /* Resources */,
			);
			buildRules = (
			);
			dependencies = (
			);
			name = KingBurguer;
			productName = KingBurguer;
			productReference = 1B6AFABB2ACDBF3800B8504D /* KingBurguer.app */;
			productType = "com.apple.product-type.application";
		};
/* End PBXNativeTarget section */

/* Begin PBXProject section */
		1B6AFAB32ACDBF3800B8504D /* Project object */ = {
			isa = PBXProject;
			attributes = {
				BuildIndependentTargetsInParallel = 1;
				LastSwiftUpdateCheck = 1500;
				LastUpgradeCheck = 1500;
				TargetAttributes = {
					1B6AFABA2ACDBF3800B8504D = {
						CreatedOnToolsVersion = 15.0;
					};
				};
			};
			buildConfigurationList = 1B6AFAB62ACDBF3800B8504D /* Build configuration list for PBXProject "KingBurguer" */;
			compatibilityVersion = "Xcode 14.0";
			developmentRegion = en;
			hasScannedForEncodings = 0;
			knownRegions = (
				en,
				Base,
			);
			mainGroup = 1B6AFAB22ACDBF3800B8504D;
			productRefGroup = 1B6AFABC2ACDBF3800B8504D /* Products */;
			projectDirPath = "";
			projectRoot = "";
			targets = (
				1B6AFABA2ACDBF3800B8504D /* KingBurguer */,
			);
		};
/* End PBXProject section */

/* Begin PBXResourcesBuildPhase section */
		1B6AFAB92ACDBF3800B8504D /* Resources */ = {
			isa = PBXResourcesBuildPhase;
			buildActionMask = 2147483647;
			files = (
				1B6AFACB2ACDBF3A00B8504D /* LaunchScreen.storyboard in Resources */,
				1B6AFAC82ACDBF3A00B8504D /* Assets.xcassets in Resources */,
			);
			runOnlyForDeploymentPostprocessing = 0;
		};
/* End PBXResourcesBuildPhase section */

/* Begin PBXSourcesBuildPhase section */
		1B6AFAB72ACDBF3800B8504D /* Sources */ = {
			isa = PBXSourcesBuildPhase;
			buildActionMask = 2147483647;
			files = (
				1B9688DD2AD1D7FA00C84086 /* SingUpCoordinator.swift in Sources */,
				1B6AFAD52ACDCAF400B8504D /* SignInViewController.swift in Sources */,
				1BCB8A172AD15E4D009A4AB8 /* SignUpViewController.swift in Sources */,
				1B6AFAC32ACDBF3800B8504D /* ViewController.swift in Sources */,
				1B6AFABF2ACDBF3800B8504D /* AppDelegate.swift in Sources */,
				1BCB8A122AD14FBF009A4AB8 /* SignInState.swift in Sources */,
				1B6AFAC12ACDBF3800B8504D /* SceneDelegate.swift in Sources */,
				1B9688DB2AD1D0E100C84086 /* SignInCoordinator.swift in Sources */,
				1BCB8A102AD074E4009A4AB8 /* SignInViewModel.swift in Sources */,
			);
			runOnlyForDeploymentPostprocessing = 0;
		};
/* End PBXSourcesBuildPhase section */

/* Begin PBXVariantGroup section */
		1B6AFAC92ACDBF3A00B8504D /* LaunchScreen.storyboard */ = {
			isa = PBXVariantGroup;
			children = (
				1B6AFACA2ACDBF3A00B8504D /* Base */,
			);
			name = LaunchScreen.storyboard;
			sourceTree = "<group>";
		};
/* End PBXVariantGroup section */

/* Begin XCBuildConfiguration section */
		1B6AFACD2ACDBF3A00B8504D /* Debug */ = {
			isa = XCBuildConfiguration;
			buildSettings = {
				ALWAYS_SEARCH_USER_PATHS = NO;
				ASSETCATALOG_COMPILER_GENERATE_SWIFT_ASSET_SYMBOL_EXTENSIONS = YES;
				CLANG_ANALYZER_NONNULL = YES;
				CLANG_ANALYZER_NUMBER_OBJECT_CONVERSION = YES_AGGRESSIVE;
				CLANG_CXX_LANGUAGE_STANDARD = "gnu++20";
				CLANG_ENABLE_MODULES = YES;
				CLANG_ENABLE_OBJC_ARC = YES;
				CLANG_ENABLE_OBJC_WEAK = YES;
				CLANG_WARN_BLOCK_CAPTURE_AUTORELEASING = YES;
				CLANG_WARN_BOOL_CONVERSION = YES;
				CLANG_WARN_COMMA = YES;
				CLANG_WARN_CONSTANT_CONVERSION = YES;
				CLANG_WARN_DEPRECATED_OBJC_IMPLEMENTATIONS = YES;
				CLANG_WARN_DIRECT_OBJC_ISA_USAGE = YES_ERROR;
				CLANG_WARN_DOCUMENTATION_COMMENTS = YES;
				CLANG_WARN_EMPTY_BODY = YES;
				CLANG_WARN_ENUM_CONVERSION = YES;
				CLANG_WARN_INFINITE_RECURSION = YES;
				CLANG_WARN_INT_CONVERSION = YES;
				CLANG_WARN_NON_LITERAL_NULL_CONVERSION = YES;
				CLANG_WARN_OBJC_IMPLICIT_RETAIN_SELF = YES;
				CLANG_WARN_OBJC_LITERAL_CONVERSION = YES;
				CLANG_WARN_OBJC_ROOT_CLASS = YES_ERROR;
				CLANG_WARN_QUOTED_INCLUDE_IN_FRAMEWORK_HEADER = YES;
				CLANG_WARN_RANGE_LOOP_ANALYSIS = YES;
				CLANG_WARN_STRICT_PROTOTYPES = YES;
				CLANG_WARN_SUSPICIOUS_MOVE = YES;
				CLANG_WARN_UNGUARDED_AVAILABILITY = YES_AGGRESSIVE;
				CLANG_WARN_UNREACHABLE_CODE = YES;
				CLANG_WARN__DUPLICATE_METHOD_MATCH = YES;
				COPY_PHASE_STRIP = NO;
				DEBUG_INFORMATION_FORMAT = dwarf;
				ENABLE_STRICT_OBJC_MSGSEND = YES;
				ENABLE_TESTABILITY = YES;
				ENABLE_USER_SCRIPT_SANDBOXING = YES;
				GCC_C_LANGUAGE_STANDARD = gnu17;
				GCC_DYNAMIC_NO_PIC = NO;
				GCC_NO_COMMON_BLOCKS = YES;
				GCC_OPTIMIZATION_LEVEL = 0;
				GCC_PREPROCESSOR_DEFINITIONS = (
					"DEBUG=1",
					"$(inherited)",
				);
				GCC_WARN_64_TO_32_BIT_CONVERSION = YES;
				GCC_WARN_ABOUT_RETURN_TYPE = YES_ERROR;
				GCC_WARN_UNDECLARED_SELECTOR = YES;
				GCC_WARN_UNINITIALIZED_AUTOS = YES_AGGRESSIVE;
				GCC_WARN_UNUSED_FUNCTION = YES;
				GCC_WARN_UNUSED_VARIABLE = YES;
				IPHONEOS_DEPLOYMENT_TARGET = 17.0;
				LOCALIZATION_PREFERS_STRING_CATALOGS = YES;
				MTL_ENABLE_DEBUG_INFO = INCLUDE_SOURCE;
				MTL_FAST_MATH = YES;
				ONLY_ACTIVE_ARCH = YES;
				SDKROOT = iphoneos;
				SWIFT_ACTIVE_COMPILATION_CONDITIONS = "DEBUG $(inherited)";
				SWIFT_OPTIMIZATION_LEVEL = "-Onone";
			};
			name = Debug;
		};
		1B6AFACE2ACDBF3A00B8504D /* Release */ = {
			isa = XCBuildConfiguration;
			buildSettings = {
				ALWAYS_SEARCH_USER_PATHS = NO;
				ASSETCATALOG_COMPILER_GENERATE_SWIFT_ASSET_SYMBOL_EXTENSIONS = YES;
				CLANG_ANALYZER_NONNULL = YES;
				CLANG_ANALYZER_NUMBER_OBJECT_CONVERSION = YES_AGGRESSIVE;
				CLANG_CXX_LANGUAGE_STANDARD = "gnu++20";
				CLANG_ENABLE_MODULES = YES;
				CLANG_ENABLE_OBJC_ARC = YES;
				CLANG_ENABLE_OBJC_WEAK = YES;
				CLANG_WARN_BLOCK_CAPTURE_AUTORELEASING = YES;
				CLANG_WARN_BOOL_CONVERSION = YES;
				CLANG_WARN_COMMA = YES;
				CLANG_WARN_CONSTANT_CONVERSION = YES;
				CLANG_WARN_DEPRECATED_OBJC_IMPLEMENTATIONS = YES;
				CLANG_WARN_DIRECT_OBJC_ISA_USAGE = YES_ERROR;
				CLANG_WARN_DOCUMENTATION_COMMENTS = YES;
				CLANG_WARN_EMPTY_BODY = YES;
				CLANG_WARN_ENUM_CONVERSION = YES;
				CLANG_WARN_INFINITE_RECURSION = YES;
				CLANG_WARN_INT_CONVERSION = YES;
				CLANG_WARN_NON_LITERAL_NULL_CONVERSION = YES;
				CLANG_WARN_OBJC_IMPLICIT_RETAIN_SELF = YES;
				CLANG_WARN_OBJC_LITERAL_CONVERSION = YES;
				CLANG_WARN_OBJC_ROOT_CLASS = YES_ERROR;
				CLANG_WARN_QUOTED_INCLUDE_IN_FRAMEWORK_HEADER = YES;
				CLANG_WARN_RANGE_LOOP_ANALYSIS = YES;
				CLANG_WARN_STRICT_PROTOTYPES = YES;
				CLANG_WARN_SUSPICIOUS_MOVE = YES;
				CLANG_WARN_UNGUARDED_AVAILABILITY = YES_AGGRESSIVE;
				CLANG_WARN_UNREACHABLE_CODE = YES;
				CLANG_WARN__DUPLICATE_METHOD_MATCH = YES;
				COPY_PHASE_STRIP = NO;
				DEBUG_INFORMATION_FORMAT = "dwarf-with-dsym";
				ENABLE_NS_ASSERTIONS = NO;
				ENABLE_STRICT_OBJC_MSGSEND = YES;
				ENABLE_USER_SCRIPT_SANDBOXING = YES;
				GCC_C_LANGUAGE_STANDARD = gnu17;
				GCC_NO_COMMON_BLOCKS = YES;
				GCC_WARN_64_TO_32_BIT_CONVERSION = YES;
				GCC_WARN_ABOUT_RETURN_TYPE = YES_ERROR;
				GCC_WARN_UNDECLARED_SELECTOR = YES;
				GCC_WARN_UNINITIALIZED_AUTOS = YES_AGGRESSIVE;
				GCC_WARN_UNUSED_FUNCTION = YES;
				GCC_WARN_UNUSED_VARIABLE = YES;
				IPHONEOS_DEPLOYMENT_TARGET = 17.0;
				LOCALIZATION_PREFERS_STRING_CATALOGS = YES;
				MTL_ENABLE_DEBUG_INFO = NO;
				MTL_FAST_MATH = YES;
				SDKROOT = iphoneos;
				SWIFT_COMPILATION_MODE = wholemodule;
				VALIDATE_PRODUCT = YES;
			};
			name = Release;
		};
		1B6AFAD02ACDBF3A00B8504D /* Debug */ = {
			isa = XCBuildConfiguration;
			buildSettings = {
				ASSETCATALOG_COMPILER_APPICON_NAME = AppIcon;
				ASSETCATALOG_COMPILER_GLOBAL_ACCENT_COLOR_NAME = AccentColor;
				CODE_SIGN_STYLE = Automatic;
				CURRENT_PROJECT_VERSION = 1;
				DEVELOPMENT_TEAM = HRJJ323VAM;
				GENERATE_INFOPLIST_FILE = YES;
				INFOPLIST_FILE = KingBurguer/Info.plist;
				INFOPLIST_KEY_UIApplicationSupportsIndirectInputEvents = YES;
				INFOPLIST_KEY_UILaunchStoryboardName = LaunchScreen;
				INFOPLIST_KEY_UISupportedInterfaceOrientations_iPad = "UIInterfaceOrientationPortrait UIInterfaceOrientationPortraitUpsideDown UIInterfaceOrientationLandscapeLeft UIInterfaceOrientationLandscapeRight";
				INFOPLIST_KEY_UISupportedInterfaceOrientations_iPhone = "UIInterfaceOrientationPortrait UIInterfaceOrientationLandscapeLeft UIInterfaceOrientationLandscapeRight";
				LD_RUNPATH_SEARCH_PATHS = (
					"$(inherited)",
					"@executable_path/Frameworks",
				);
				MARKETING_VERSION = 1.0;
				PRODUCT_BUNDLE_IDENTIFIER = com.br.leonardolamoia.KingBurguer;
				PRODUCT_NAME = "$(TARGET_NAME)";
				SUPPORTED_PLATFORMS = "iphoneos iphonesimulator";
				SUPPORTS_MACCATALYST = NO;
				SUPPORTS_MAC_DESIGNED_FOR_IPHONE_IPAD = NO;
				SWIFT_EMIT_LOC_STRINGS = YES;
				SWIFT_VERSION = 5.0;
				TARGETED_DEVICE_FAMILY = "1,2";
			};
			name = Debug;
		};
		1B6AFAD12ACDBF3A00B8504D /* Release */ = {
			isa = XCBuildConfiguration;
			buildSettings = {
				ASSETCATALOG_COMPILER_APPICON_NAME = AppIcon;
				ASSETCATALOG_COMPILER_GLOBAL_ACCENT_COLOR_NAME = AccentColor;
				CODE_SIGN_STYLE = Automatic;
				CURRENT_PROJECT_VERSION = 1;
				DEVELOPMENT_TEAM = HRJJ323VAM;
				GENERATE_INFOPLIST_FILE = YES;
				INFOPLIST_FILE = KingBurguer/Info.plist;
				INFOPLIST_KEY_UIApplicationSupportsIndirectInputEvents = YES;
				INFOPLIST_KEY_UILaunchStoryboardName = LaunchScreen;
				INFOPLIST_KEY_UISupportedInterfaceOrientations_iPad = "UIInterfaceOrientationPortrait UIInterfaceOrientationPortraitUpsideDown UIInterfaceOrientationLandscapeLeft UIInterfaceOrientationLandscapeRight";
				INFOPLIST_KEY_UISupportedInterfaceOrientations_iPhone = "UIInterfaceOrientationPortrait UIInterfaceOrientationLandscapeLeft UIInterfaceOrientationLandscapeRight";
				LD_RUNPATH_SEARCH_PATHS = (
					"$(inherited)",
					"@executable_path/Frameworks",
				);
				MARKETING_VERSION = 1.0;
				PRODUCT_BUNDLE_IDENTIFIER = com.br.leonardolamoia.KingBurguer;
				PRODUCT_NAME = "$(TARGET_NAME)";
				SUPPORTED_PLATFORMS = "iphoneos iphonesimulator";
				SUPPORTS_MACCATALYST = NO;
				SUPPORTS_MAC_DESIGNED_FOR_IPHONE_IPAD = NO;
				SWIFT_EMIT_LOC_STRINGS = YES;
				SWIFT_VERSION = 5.0;
				TARGETED_DEVICE_FAMILY = "1,2";
			};
			name = Release;
		};
/* End XCBuildConfiguration section */

/* Begin XCConfigurationList section */
		1B6AFAB62ACDBF3800B8504D /* Build configuration list for PBXProject "KingBurguer" */ = {
			isa = XCConfigurationList;
			buildConfigurations = (
				1B6AFACD2ACDBF3A00B8504D /* Debug */,
				1B6AFACE2ACDBF3A00B8504D /* Release */,
			);
			defaultConfigurationIsVisible = 0;
			defaultConfigurationName = Release;
		};
		1B6AFACF2ACDBF3A00B8504D /* Build configuration list for PBXNativeTarget "KingBurguer" */ = {
			isa = XCConfigurationList;
			buildConfigurations = (
				1B6AFAD02ACDBF3A00B8504D /* Debug */,
				1B6AFAD12ACDBF3A00B8504D /* Release */,
			);
			defaultConfigurationIsVisible = 0;
			defaultConfigurationName = Release;
		};
/* End XCConfigurationList section */
	};
	rootObject = 1B6AFAB32ACDBF3800B8504D /* Project object */;
}
